
Microsoft Visual Studio Solution File, Format Version 12.00
# Visual Studio Version 16
VisualStudioVersion = 16.0.30804.86
MinimumVisualStudioVersion = 10.0.40219.1
Project("{9A19103F-16F7-4668-BE54-9A1E7A4F7556}") = "ICT-151", "ICT-151\ICT-151.csproj", "{6A11953B-E44C-4779-9966-84F69610E34B}"
EndProject
Project("{9A19103F-16F7-4668-BE54-9A1E7A4F7556}") = "ICT-151-Tests", "ICT-151-Tests\ICT-151-Tests.csproj", "{2970475A-AE5F-4D25-B38F-699B0838BFF4}"
EndProject
Project("{2150E333-8FDC-42A3-9474-1A3956D46DE8}") = "Solution Items", "Solution Items", "{F04A8A85-02F2-4CB4-98C4-21AF283FA5E6}"
	ProjectSection(SolutionItems) = preProject
		.editorconfig = .editorconfig
	EndProjectSection
EndProject
Global
	GlobalSection(SolutionConfigurationPlatforms) = preSolution
		Debug|Any CPU = Debug|Any CPU
		Release|Any CPU = Release|Any CPU
	EndGlobalSection
	GlobalSection(ProjectConfigurationPlatforms) = postSolution
		{6A11953B-E44C-4779-9966-84F69610E34B}.Debug|Any CPU.ActiveCfg = Debug|Any CPU
		{6A11953B-E44C-4779-9966-84F69610E34B}.Debug|Any CPU.Build.0 = Debug|Any CPU
		{6A11953B-E44C-4779-9966-84F69610E34B}.Release|Any CPU.ActiveCfg = Release|Any CPU
		{6A11953B-E44C-4779-9966-84F69610E34B}.Release|Any CPU.Build.0 = Release|Any CPU
		{2970475A-AE5F-4D25-B38F-699B0838BFF4}.Debug|Any CPU.ActiveCfg = Debug|Any CPU
		{2970475A-AE5F-4D25-B38F-699B0838BFF4}.Debug|Any CPU.Build.0 = Debug|Any CPU
		{2970475A-AE5F-4D25-B38F-699B0838BFF4}.Release|Any CPU.ActiveCfg = Release|Any CPU
		{2970475A-AE5F-4D25-B38F-699B0838BFF4}.Release|Any CPU.Build.0 = Release|Any CPU
	EndGlobalSection
	GlobalSection(SolutionProperties) = preSolution
		HideSolutionNode = FALSE
	EndGlobalSection
	GlobalSection(ExtensibilityGlobals) = postSolution
		SolutionGuid = {F0DC778D-1BAF-4DF1-95D3-B41B90020AEA}
	EndGlobalSection
EndGlobal
